dependencies:
- name: falcosidekick
  repository: https://falcosecurity.github.io/charts
  version: 0.8.5
- name: k8s-metacollector
  repository: https://falcosecurity.github.io/charts
  version: 0.1.10
digest: sha256:d73d0fdbe32a9efabcc18d232be2d34bfdb94d11a5226e371fc487abced793c6
generated: "2024-09-11T11:34:49.177430665Z"
