dependencies:
- name: falcosidekick
  repository: https://falcosecurity.github.io/charts
  version: 0.9.5
- name: k8s-metacollector
  repository: https://falcosecurity.github.io/charts
  version: 0.1.10
digest: sha256:ad418a390370b4c07d7aeb515f5df46668f5706933dacf23c07a7b479664e406
generated: "2025-01-28T12:15:48.676678422Z"
