dependencies:
- name: crds
  repository: ""
  version: 0.0.0
- name: kube-state-metrics
  repository: https://prometheus-community.github.io/helm-charts
  version: 5.27.0
- name: prometheus-node-exporter
  repository: https://prometheus-community.github.io/helm-charts
  version: 4.42.0
- name: grafana
  repository: https://grafana.github.io/helm-charts
  version: 8.5.12
- name: prometheus-windows-exporter
  repository: https://prometheus-community.github.io/helm-charts
  version: 0.7.1
digest: sha256:82785720e41bcdeb31b7157dd8696fb5896fcf93ce48cfae30893aa8f106aa6e
generated: "2024-11-12T09:46:59.693703442Z"
