dependencies:
- name: crds
  repository: ""
  version: 0.0.0
- name: kube-state-metrics
  repository: https://prometheus-community.github.io/helm-charts
  version: 5.27.1
- name: prometheus-node-exporter
  repository: https://prometheus-community.github.io/helm-charts
  version: 4.42.0
- name: grafana
  repository: https://grafana.github.io/helm-charts
  version: 8.8.2
- name: prometheus-windows-exporter
  repository: https://prometheus-community.github.io/helm-charts
  version: 0.7.1
digest: sha256:452368fb58ac72efbd57bc3d6ee6059f4afcf1c3f31097bfb1e3f194651d69b0
generated: "2024-12-25T10:19:42.791296927Z"
